// !$*UTF8*$!
{
	archiveVersion = 1;
	classes = {
	};
	objectVersion = 55;
	objects = {

/* Begin PBXBuildFile section */
		36A311A42719B6F400A86F4A /* CustomImageViewComponentContainer.swift in Sources */ = {isa = PBXBuildFile; fileRef = 36A311A02719B6F400A86F4A /* CustomImageViewComponentContainer.swift */; };
		36A311A52719B6F400A86F4A /* CustomImageViewComponentData.swift in Sources */ = {isa = PBXBuildFile; fileRef = 36A311A12719B6F400A86F4A /* CustomImageViewComponentData.swift */; };
		36A311A62719B6F400A86F4A /* CustomImageViewComponent.swift in Sources */ = {isa = PBXBuildFile; fileRef = 36A311A22719B6F400A86F4A /* CustomImageViewComponent.swift */; };
		36A311A72719B6F400A86F4A /* CustomImageLoadingType.swift in Sources */ = {isa = PBXBuildFile; fileRef = 36A311A32719B6F400A86F4A /* CustomImageLoadingType.swift */; };
		36A311AB2719BA4300A86F4A /* ImageCacheManager.swift in Sources */ = {isa = PBXBuildFile; fileRef = 36A311AA2719BA4300A86F4A /* ImageCacheManager.swift */; };
		36A311AE2719CEB100A86F4A /* RxCocoa in Frameworks */ = {isa = PBXBuildFile; productRef = 36A311AD2719CEB100A86F4A /* RxCocoa */; };
		36A311B02719CEB100A86F4A /* RxRelay in Frameworks */ = {isa = PBXBuildFile; productRef = 36A311AF2719CEB100A86F4A /* RxRelay */; };
		36A311B22719CEB100A86F4A /* RxSwift in Frameworks */ = {isa = PBXBuildFile; productRef = 36A311B12719CEB100A86F4A /* RxSwift */; };
		36A311B62719D33500A86F4A /* CharacterListOperationsRxProtocol.swift in Sources */ = {isa = PBXBuildFile; fileRef = 36A311B42719D33500A86F4A /* CharacterListOperationsRxProtocol.swift */; };
		36A311B72719D33500A86F4A /* CharacterListOperationsRxManager.swift in Sources */ = {isa = PBXBuildFile; fileRef = 36A311B52719D33500A86F4A /* CharacterListOperationsRxManager.swift */; };
		36A311B92719E1E300A86F4A /* CharacterListViewState.swift in Sources */ = {isa = PBXBuildFile; fileRef = 36A311B82719E1E300A86F4A /* CharacterListViewState.swift */; };
		36A311BC2719E3A400A86F4A /* CharacterListDataFormatterProtocol.swift in Sources */ = {isa = PBXBuildFile; fileRef = 36A311BA2719E3A400A86F4A /* CharacterListDataFormatterProtocol.swift */; };
		36A311BD2719E3A400A86F4A /* CharacterListDataFormatter.swift in Sources */ = {isa = PBXBuildFile; fileRef = 36A311BB2719E3A400A86F4A /* CharacterListDataFormatter.swift */; };
		36F3EA232718A31C00E6DB63 /* AppDelegate.swift in Sources */ = {isa = PBXBuildFile; fileRef = 36F3EA222718A31C00E6DB63 /* AppDelegate.swift */; };
		36F3EA252718A31C00E6DB63 /* SceneDelegate.swift in Sources */ = {isa = PBXBuildFile; fileRef = 36F3EA242718A31C00E6DB63 /* SceneDelegate.swift */; };
		36F3EA272718A31C00E6DB63 /* ViewController.swift in Sources */ = {isa = PBXBuildFile; fileRef = 36F3EA262718A31C00E6DB63 /* ViewController.swift */; };
		36F3EA2C2718A31E00E6DB63 /* Assets.xcassets in Resources */ = {isa = PBXBuildFile; fileRef = 36F3EA2B2718A31E00E6DB63 /* Assets.xcassets */; };
		36F3EA2F2718A31E00E6DB63 /* LaunchScreen.storyboard in Resources */ = {isa = PBXBuildFile; fileRef = 36F3EA2D2718A31E00E6DB63 /* LaunchScreen.storyboard */; };
		36F3EA3A2718A31E00E6DB63 /* GameOfThronesCharactersTests.swift in Sources */ = {isa = PBXBuildFile; fileRef = 36F3EA392718A31E00E6DB63 /* GameOfThronesCharactersTests.swift */; };
		36F3EA442718A31E00E6DB63 /* GameOfThronesCharactersUITests.swift in Sources */ = {isa = PBXBuildFile; fileRef = 36F3EA432718A31E00E6DB63 /* GameOfThronesCharactersUITests.swift */; };
		36F3EA462718A31E00E6DB63 /* GameOfThronesCharactersUITestsLaunchTests.swift in Sources */ = {isa = PBXBuildFile; fileRef = 36F3EA452718A31E00E6DB63 /* GameOfThronesCharactersUITestsLaunchTests.swift */; };
		36F3EA712718A37B00E6DB63 /* GenericValueProtocol.swift in Sources */ = {isa = PBXBuildFile; fileRef = 36F3EA532718A37B00E6DB63 /* GenericValueProtocol.swift */; };
		36F3EA722718A37B00E6DB63 /* BaseRequest.swift in Sources */ = {isa = PBXBuildFile; fileRef = 36F3EA542718A37B00E6DB63 /* BaseRequest.swift */; };
		36F3EA732718A37B00E6DB63 /* BaseViewController.swift in Sources */ = {isa = PBXBuildFile; fileRef = 36F3EA552718A37B00E6DB63 /* BaseViewController.swift */; };
		36F3EA742718A37B00E6DB63 /* BaseTableViewCell.swift in Sources */ = {isa = PBXBuildFile; fileRef = 36F3EA562718A37B00E6DB63 /* BaseTableViewCell.swift */; };
		36F3EA752718A37B00E6DB63 /* GenericDataProtocol.swift in Sources */ = {isa = PBXBuildFile; fileRef = 36F3EA572718A37B00E6DB63 /* GenericDataProtocol.swift */; };
		36F3EA762718A37B00E6DB63 /* GenericBaseView.swift in Sources */ = {isa = PBXBuildFile; fileRef = 36F3EA582718A37B00E6DB63 /* GenericBaseView.swift */; };
		36F3EA772718A37B00E6DB63 /* BaseView.swift in Sources */ = {isa = PBXBuildFile; fileRef = 36F3EA592718A37B00E6DB63 /* BaseView.swift */; };
		36F3EA792718A37B00E6DB63 /* CharactersResponse.swift in Sources */ = {isa = PBXBuildFile; fileRef = 36F3EA5D2718A37B00E6DB63 /* CharactersResponse.swift */; };
		36F3EA7A2718A37B00E6DB63 /* CharactersApiServiceProvider.swift in Sources */ = {isa = PBXBuildFile; fileRef = 36F3EA5E2718A37B00E6DB63 /* CharactersApiServiceProvider.swift */; };
		36F3EA7B2718A37B00E6DB63 /* ContinentsResponse.swift in Sources */ = {isa = PBXBuildFile; fileRef = 36F3EA602718A37B00E6DB63 /* ContinentsResponse.swift */; };
		36F3EA7C2718A37B00E6DB63 /* ContinentsApiServiceProvider.swift in Sources */ = {isa = PBXBuildFile; fileRef = 36F3EA612718A37B00E6DB63 /* ContinentsApiServiceProvider.swift */; };
		36F3EA7D2718A37B00E6DB63 /* CharacterListViewController.swift in Sources */ = {isa = PBXBuildFile; fileRef = 36F3EA642718A37B00E6DB63 /* CharacterListViewController.swift */; };
		36F3EA7E2718A37B00E6DB63 /* CharacterListViewModel.swift in Sources */ = {isa = PBXBuildFile; fileRef = 36F3EA652718A37B00E6DB63 /* CharacterListViewModel.swift */; };
		36F3EA7F2718A37B00E6DB63 /* CharacterListViewBuilder.swift in Sources */ = {isa = PBXBuildFile; fileRef = 36F3EA662718A37B00E6DB63 /* CharacterListViewBuilder.swift */; };
		36F3EA802718A37B00E6DB63 /* TabBarViewImages.swift in Sources */ = {isa = PBXBuildFile; fileRef = 36F3EA692718A37B00E6DB63 /* TabBarViewImages.swift */; };
		36F3EA812718A37B00E6DB63 /* ContinentListViewBuilder.swift in Sources */ = {isa = PBXBuildFile; fileRef = 36F3EA6B2718A37B00E6DB63 /* ContinentListViewBuilder.swift */; };
		36F3EA822718A37B00E6DB63 /* ContinentListViewModel.swift in Sources */ = {isa = PBXBuildFile; fileRef = 36F3EA6C2718A37B00E6DB63 /* ContinentListViewModel.swift */; };
		36F3EA832718A37B00E6DB63 /* ContinentListViewController.swift in Sources */ = {isa = PBXBuildFile; fileRef = 36F3EA6D2718A37B00E6DB63 /* ContinentListViewController.swift */; };
		36F3EA842718A37B00E6DB63 /* MainTabBarBuilder.swift in Sources */ = {isa = PBXBuildFile; fileRef = 36F3EA6F2718A37B00E6DB63 /* MainTabBarBuilder.swift */; };
		36F3EA852718A37B00E6DB63 /* MainTabBarController.swift in Sources */ = {isa = PBXBuildFile; fileRef = 36F3EA702718A37B00E6DB63 /* MainTabBarController.swift */; };
		36F3EA8C2718AC8400E6DB63 /* LabelPackComponentData.swift in Sources */ = {isa = PBXBuildFile; fileRef = 36F3EA892718AC8300E6DB63 /* LabelPackComponentData.swift */; };
		36F3EA8D2718AC8400E6DB63 /* LabelPackComponent.swift in Sources */ = {isa = PBXBuildFile; fileRef = 36F3EA8A2718AC8400E6DB63 /* LabelPackComponent.swift */; };
		36F3EA902718ACBC00E6DB63 /* FontManager.swift in Sources */ = {isa = PBXBuildFile; fileRef = 36F3EA8F2718ACBC00E6DB63 /* FontManager.swift */; };
		36F3EA932718AD2900E6DB63 /* CustomTableViewCell.swift in Sources */ = {isa = PBXBuildFile; fileRef = 36F3EA922718AD2900E6DB63 /* CustomTableViewCell.swift */; };
		36F3EA962718AD3600E6DB63 /* CustomTableViewCellData.swift in Sources */ = {isa = PBXBuildFile; fileRef = 36F3EA952718AD3600E6DB63 /* CustomTableViewCellData.swift */; };
		36F3EA982718AD6500E6DB63 /* CustomTableView.swift in Sources */ = {isa = PBXBuildFile; fileRef = 36F3EA972718AD6500E6DB63 /* CustomTableView.swift */; };
		36F3EA9A2718AD6D00E6DB63 /* CustomTableViewProtocol.swift in Sources */ = {isa = PBXBuildFile; fileRef = 36F3EA992718AD6D00E6DB63 /* CustomTableViewProtocol.swift */; };
		36F3EA9F2718B03C00E6DB63 /* DefaultNetworkOperationPackage in Frameworks */ = {isa = PBXBuildFile; productRef = 36F3EA9E2718B03C00E6DB63 /* DefaultNetworkOperationPackage */; };
/* End PBXBuildFile section */

/* Begin PBXContainerItemProxy section */
		36F3EA362718A31E00E6DB63 /* PBXContainerItemProxy */ = {
			isa = PBXContainerItemProxy;
			containerPortal = 36F3EA172718A31C00E6DB63 /* Project object */;
			proxyType = 1;
			remoteGlobalIDString = 36F3EA1E2718A31C00E6DB63;
			remoteInfo = GameOfThronesCharacters;
		};
		36F3EA402718A31E00E6DB63 /* PBXContainerItemProxy */ = {
			isa = PBXContainerItemProxy;
			containerPortal = 36F3EA172718A31C00E6DB63 /* Project object */;
			proxyType = 1;
			remoteGlobalIDString = 36F3EA1E2718A31C00E6DB63;
			remoteInfo = GameOfThronesCharacters;
		};
/* End PBXContainerItemProxy section */

/* Begin PBXFileReference section */
		36A311A02719B6F400A86F4A /* CustomImageViewComponentContainer.swift */ = {isa = PBXFileReference; fileEncoding = 4; lastKnownFileType = sourcecode.swift; path = CustomImageViewComponentContainer.swift; sourceTree = "<group>"; };
		36A311A12719B6F400A86F4A /* CustomImageViewComponentData.swift */ = {isa = PBXFileReference; fileEncoding = 4; lastKnownFileType = sourcecode.swift; path = CustomImageViewComponentData.swift; sourceTree = "<group>"; };
		36A311A22719B6F400A86F4A /* CustomImageViewComponent.swift */ = {isa = PBXFileReference; fileEncoding = 4; lastKnownFileType = sourcecode.swift; path = CustomImageViewComponent.swift; sourceTree = "<group>"; };
		36A311A32719B6F400A86F4A /* CustomImageLoadingType.swift */ = {isa = PBXFileReference; fileEncoding = 4; lastKnownFileType = sourcecode.swift; path = CustomImageLoadingType.swift; sourceTree = "<group>"; };
		36A311AA2719BA4300A86F4A /* ImageCacheManager.swift */ = {isa = PBXFileReference; fileEncoding = 4; lastKnownFileType = sourcecode.swift; path = ImageCacheManager.swift; sourceTree = "<group>"; };
		36A311B42719D33500A86F4A /* CharacterListOperationsRxProtocol.swift */ = {isa = PBXFileReference; fileEncoding = 4; lastKnownFileType = sourcecode.swift; path = CharacterListOperationsRxProtocol.swift; sourceTree = "<group>"; };
		36A311B52719D33500A86F4A /* CharacterListOperationsRxManager.swift */ = {isa = PBXFileReference; fileEncoding = 4; lastKnownFileType = sourcecode.swift; path = CharacterListOperationsRxManager.swift; sourceTree = "<group>"; };
		36A311B82719E1E300A86F4A /* CharacterListViewState.swift */ = {isa = PBXFileReference; fileEncoding = 4; lastKnownFileType = sourcecode.swift; path = CharacterListViewState.swift; sourceTree = "<group>"; };
		36A311BA2719E3A400A86F4A /* CharacterListDataFormatterProtocol.swift */ = {isa = PBXFileReference; fileEncoding = 4; lastKnownFileType = sourcecode.swift; path = CharacterListDataFormatterProtocol.swift; sourceTree = "<group>"; };
		36A311BB2719E3A400A86F4A /* CharacterListDataFormatter.swift */ = {isa = PBXFileReference; fileEncoding = 4; lastKnownFileType = sourcecode.swift; path = CharacterListDataFormatter.swift; sourceTree = "<group>"; };
		36F3EA1F2718A31C00E6DB63 /* GameOfThronesCharacters.app */ = {isa = PBXFileReference; explicitFileType = wrapper.application; includeInIndex = 0; path = GameOfThronesCharacters.app; sourceTree = BUILT_PRODUCTS_DIR; };
		36F3EA222718A31C00E6DB63 /* AppDelegate.swift */ = {isa = PBXFileReference; lastKnownFileType = sourcecode.swift; path = AppDelegate.swift; sourceTree = "<group>"; };
		36F3EA242718A31C00E6DB63 /* SceneDelegate.swift */ = {isa = PBXFileReference; lastKnownFileType = sourcecode.swift; path = SceneDelegate.swift; sourceTree = "<group>"; };
		36F3EA262718A31C00E6DB63 /* ViewController.swift */ = {isa = PBXFileReference; lastKnownFileType = sourcecode.swift; path = ViewController.swift; sourceTree = "<group>"; };
		36F3EA2B2718A31E00E6DB63 /* Assets.xcassets */ = {isa = PBXFileReference; lastKnownFileType = folder.assetcatalog; path = Assets.xcassets; sourceTree = "<group>"; };
		36F3EA2E2718A31E00E6DB63 /* Base */ = {isa = PBXFileReference; lastKnownFileType = file.storyboard; name = Base; path = Base.lproj/LaunchScreen.storyboard; sourceTree = "<group>"; };
		36F3EA302718A31E00E6DB63 /* Info.plist */ = {isa = PBXFileReference; lastKnownFileType = text.plist.xml; path = Info.plist; sourceTree = "<group>"; };
		36F3EA352718A31E00E6DB63 /* GameOfThronesCharactersTests.xctest */ = {isa = PBXFileReference; explicitFileType = wrapper.cfbundle; includeInIndex = 0; path = GameOfThronesCharactersTests.xctest; sourceTree = BUILT_PRODUCTS_DIR; };
		36F3EA392718A31E00E6DB63 /* GameOfThronesCharactersTests.swift */ = {isa = PBXFileReference; lastKnownFileType = sourcecode.swift; path = GameOfThronesCharactersTests.swift; sourceTree = "<group>"; };
		36F3EA3F2718A31E00E6DB63 /* GameOfThronesCharactersUITests.xctest */ = {isa = PBXFileReference; explicitFileType = wrapper.cfbundle; includeInIndex = 0; path = GameOfThronesCharactersUITests.xctest; sourceTree = BUILT_PRODUCTS_DIR; };
		36F3EA432718A31E00E6DB63 /* GameOfThronesCharactersUITests.swift */ = {isa = PBXFileReference; lastKnownFileType = sourcecode.swift; path = GameOfThronesCharactersUITests.swift; sourceTree = "<group>"; };
		36F3EA452718A31E00E6DB63 /* GameOfThronesCharactersUITestsLaunchTests.swift */ = {isa = PBXFileReference; lastKnownFileType = sourcecode.swift; path = GameOfThronesCharactersUITestsLaunchTests.swift; sourceTree = "<group>"; };
		36F3EA532718A37B00E6DB63 /* GenericValueProtocol.swift */ = {isa = PBXFileReference; fileEncoding = 4; lastKnownFileType = sourcecode.swift; path = GenericValueProtocol.swift; sourceTree = "<group>"; };
		36F3EA542718A37B00E6DB63 /* BaseRequest.swift */ = {isa = PBXFileReference; fileEncoding = 4; lastKnownFileType = sourcecode.swift; path = BaseRequest.swift; sourceTree = "<group>"; };
		36F3EA552718A37B00E6DB63 /* BaseViewController.swift */ = {isa = PBXFileReference; fileEncoding = 4; lastKnownFileType = sourcecode.swift; path = BaseViewController.swift; sourceTree = "<group>"; };
		36F3EA562718A37B00E6DB63 /* BaseTableViewCell.swift */ = {isa = PBXFileReference; fileEncoding = 4; lastKnownFileType = sourcecode.swift; path = BaseTableViewCell.swift; sourceTree = "<group>"; };
		36F3EA572718A37B00E6DB63 /* GenericDataProtocol.swift */ = {isa = PBXFileReference; fileEncoding = 4; lastKnownFileType = sourcecode.swift; path = GenericDataProtocol.swift; sourceTree = "<group>"; };
		36F3EA582718A37B00E6DB63 /* GenericBaseView.swift */ = {isa = PBXFileReference; fileEncoding = 4; lastKnownFileType = sourcecode.swift; path = GenericBaseView.swift; sourceTree = "<group>"; };
		36F3EA592718A37B00E6DB63 /* BaseView.swift */ = {isa = PBXFileReference; fileEncoding = 4; lastKnownFileType = sourcecode.swift; path = BaseView.swift; sourceTree = "<group>"; };
		36F3EA5D2718A37B00E6DB63 /* CharactersResponse.swift */ = {isa = PBXFileReference; fileEncoding = 4; lastKnownFileType = sourcecode.swift; path = CharactersResponse.swift; sourceTree = "<group>"; };
		36F3EA5E2718A37B00E6DB63 /* CharactersApiServiceProvider.swift */ = {isa = PBXFileReference; fileEncoding = 4; lastKnownFileType = sourcecode.swift; path = CharactersApiServiceProvider.swift; sourceTree = "<group>"; };
		36F3EA602718A37B00E6DB63 /* ContinentsResponse.swift */ = {isa = PBXFileReference; fileEncoding = 4; lastKnownFileType = sourcecode.swift; path = ContinentsResponse.swift; sourceTree = "<group>"; };
		36F3EA612718A37B00E6DB63 /* ContinentsApiServiceProvider.swift */ = {isa = PBXFileReference; fileEncoding = 4; lastKnownFileType = sourcecode.swift; path = ContinentsApiServiceProvider.swift; sourceTree = "<group>"; };
		36F3EA642718A37B00E6DB63 /* CharacterListViewController.swift */ = {isa = PBXFileReference; fileEncoding = 4; lastKnownFileType = sourcecode.swift; path = CharacterListViewController.swift; sourceTree = "<group>"; };
		36F3EA652718A37B00E6DB63 /* CharacterListViewModel.swift */ = {isa = PBXFileReference; fileEncoding = 4; lastKnownFileType = sourcecode.swift; path = CharacterListViewModel.swift; sourceTree = "<group>"; };
		36F3EA662718A37B00E6DB63 /* CharacterListViewBuilder.swift */ = {isa = PBXFileReference; fileEncoding = 4; lastKnownFileType = sourcecode.swift; path = CharacterListViewBuilder.swift; sourceTree = "<group>"; };
		36F3EA692718A37B00E6DB63 /* TabBarViewImages.swift */ = {isa = PBXFileReference; fileEncoding = 4; lastKnownFileType = sourcecode.swift; path = TabBarViewImages.swift; sourceTree = "<group>"; };
		36F3EA6B2718A37B00E6DB63 /* ContinentListViewBuilder.swift */ = {isa = PBXFileReference; fileEncoding = 4; lastKnownFileType = sourcecode.swift; path = ContinentListViewBuilder.swift; sourceTree = "<group>"; };
		36F3EA6C2718A37B00E6DB63 /* ContinentListViewModel.swift */ = {isa = PBXFileReference; fileEncoding = 4; lastKnownFileType = sourcecode.swift; path = ContinentListViewModel.swift; sourceTree = "<group>"; };
		36F3EA6D2718A37B00E6DB63 /* ContinentListViewController.swift */ = {isa = PBXFileReference; fileEncoding = 4; lastKnownFileType = sourcecode.swift; path = ContinentListViewController.swift; sourceTree = "<group>"; };
		36F3EA6F2718A37B00E6DB63 /* MainTabBarBuilder.swift */ = {isa = PBXFileReference; fileEncoding = 4; lastKnownFileType = sourcecode.swift; path = MainTabBarBuilder.swift; sourceTree = "<group>"; };
		36F3EA702718A37B00E6DB63 /* MainTabBarController.swift */ = {isa = PBXFileReference; fileEncoding = 4; lastKnownFileType = sourcecode.swift; path = MainTabBarController.swift; sourceTree = "<group>"; };
		36F3EA892718AC8300E6DB63 /* LabelPackComponentData.swift */ = {isa = PBXFileReference; fileEncoding = 4; lastKnownFileType = sourcecode.swift; path = LabelPackComponentData.swift; sourceTree = "<group>"; };
		36F3EA8A2718AC8400E6DB63 /* LabelPackComponent.swift */ = {isa = PBXFileReference; fileEncoding = 4; lastKnownFileType = sourcecode.swift; path = LabelPackComponent.swift; sourceTree = "<group>"; };
		36F3EA8F2718ACBC00E6DB63 /* FontManager.swift */ = {isa = PBXFileReference; fileEncoding = 4; lastKnownFileType = sourcecode.swift; path = FontManager.swift; sourceTree = "<group>"; };
		36F3EA922718AD2900E6DB63 /* CustomTableViewCell.swift */ = {isa = PBXFileReference; lastKnownFileType = sourcecode.swift; path = CustomTableViewCell.swift; sourceTree = "<group>"; };
		36F3EA952718AD3600E6DB63 /* CustomTableViewCellData.swift */ = {isa = PBXFileReference; lastKnownFileType = sourcecode.swift; path = CustomTableViewCellData.swift; sourceTree = "<group>"; };
		36F3EA972718AD6500E6DB63 /* CustomTableView.swift */ = {isa = PBXFileReference; lastKnownFileType = sourcecode.swift; path = CustomTableView.swift; sourceTree = "<group>"; };
		36F3EA992718AD6D00E6DB63 /* CustomTableViewProtocol.swift */ = {isa = PBXFileReference; lastKnownFileType = sourcecode.swift; path = CustomTableViewProtocol.swift; sourceTree = "<group>"; };
		36F3EA9C2718AF8E00E6DB63 /* DefaultNetworkOperationPackage */ = {isa = PBXFileReference; lastKnownFileType = folder; name = DefaultNetworkOperationPackage; path = ../DefaultNetworkOperationPackage; sourceTree = "<group>"; };
/* End PBXFileReference section */

/* Begin PBXFrameworksBuildPhase section */
		36F3EA1C2718A31C00E6DB63 /* Frameworks */ = {
			isa = PBXFrameworksBuildPhase;
			buildActionMask = 2147483647;
			files = (
				36A311B02719CEB100A86F4A /* RxRelay in Frameworks */,
				36A311AE2719CEB100A86F4A /* RxCocoa in Frameworks */,
				36A311B22719CEB100A86F4A /* RxSwift in Frameworks */,
				36F3EA9F2718B03C00E6DB63 /* DefaultNetworkOperationPackage in Frameworks */,
			);
			runOnlyForDeploymentPostprocessing = 0;
		};
		36F3EA322718A31E00E6DB63 /* Frameworks */ = {
			isa = PBXFrameworksBuildPhase;
			buildActionMask = 2147483647;
			files = (
			);
			runOnlyForDeploymentPostprocessing = 0;
		};
		36F3EA3C2718A31E00E6DB63 /* Frameworks */ = {
			isa = PBXFrameworksBuildPhase;
			buildActionMask = 2147483647;
			files = (
			);
			runOnlyForDeploymentPostprocessing = 0;
		};
/* End PBXFrameworksBuildPhase section */

/* Begin PBXGroup section */
		36A3119F2719B6F400A86F4A /* CustomImageViewComponent */ = {
			isa = PBXGroup;
			children = (
				36A311A02719B6F400A86F4A /* CustomImageViewComponentContainer.swift */,
				36A311A12719B6F400A86F4A /* CustomImageViewComponentData.swift */,
				36A311A22719B6F400A86F4A /* CustomImageViewComponent.swift */,
				36A311A32719B6F400A86F4A /* CustomImageLoadingType.swift */,
			);
			path = CustomImageViewComponent;
			sourceTree = "<group>";
		};
		36A311A82719BA2B00A86F4A /* Managers */ = {
			isa = PBXGroup;
			children = (
				36A311A92719BA4300A86F4A /* CacheManagers */,
				36A311B32719D33500A86F4A /* CharacterListOperationsRxManagers */,
			);
			path = Managers;
			sourceTree = "<group>";
		};
		36A311A92719BA4300A86F4A /* CacheManagers */ = {
			isa = PBXGroup;
			children = (
				36A311AA2719BA4300A86F4A /* ImageCacheManager.swift */,
			);
			path = CacheManagers;
			sourceTree = "<group>";
		};
		36A311B32719D33500A86F4A /* CharacterListOperationsRxManagers */ = {
			isa = PBXGroup;
			children = (
				36A311B42719D33500A86F4A /* CharacterListOperationsRxProtocol.swift */,
				36A311B52719D33500A86F4A /* CharacterListOperationsRxManager.swift */,
			);
			path = CharacterListOperationsRxManagers;
			sourceTree = "<group>";
		};
		36F3EA162718A31C00E6DB63 = {
			isa = PBXGroup;
			children = (
				36F3EA212718A31C00E6DB63 /* GameOfThronesCharacters */,
				36F3EA382718A31E00E6DB63 /* GameOfThronesCharactersTests */,
				36F3EA422718A31E00E6DB63 /* GameOfThronesCharactersUITests */,
				36F3EA9B2718AF8E00E6DB63 /* Packages */,
				36F3EA202718A31C00E6DB63 /* Products */,
			);
			sourceTree = "<group>";
		};
		36F3EA202718A31C00E6DB63 /* Products */ = {
			isa = PBXGroup;
			children = (
				36F3EA1F2718A31C00E6DB63 /* GameOfThronesCharacters.app */,
				36F3EA352718A31E00E6DB63 /* GameOfThronesCharactersTests.xctest */,
				36F3EA3F2718A31E00E6DB63 /* GameOfThronesCharactersUITests.xctest */,
			);
			name = Products;
			sourceTree = "<group>";
		};
		36F3EA212718A31C00E6DB63 /* GameOfThronesCharacters */ = {
			isa = PBXGroup;
			children = (
				36F3EA522718A37B00E6DB63 /* BaseComponents */,
				36F3EA862718A48C00E6DB63 /* Components */,
				36F3EA6E2718A37B00E6DB63 /* MainTabBar */,
				36A311A82719BA2B00A86F4A /* Managers */,
				36F3EA5B2718A37B00E6DB63 /* Models */,
				36F3EA622718A37B00E6DB63 /* Modules */,
				36F3EA672718A37B00E6DB63 /* Utilities */,
				36F3EA222718A31C00E6DB63 /* AppDelegate.swift */,
				36F3EA242718A31C00E6DB63 /* SceneDelegate.swift */,
				36F3EA262718A31C00E6DB63 /* ViewController.swift */,
				36F3EA2B2718A31E00E6DB63 /* Assets.xcassets */,
				36F3EA2D2718A31E00E6DB63 /* LaunchScreen.storyboard */,
				36F3EA302718A31E00E6DB63 /* Info.plist */,
			);
			path = GameOfThronesCharacters;
			sourceTree = "<group>";
		};
		36F3EA382718A31E00E6DB63 /* GameOfThronesCharactersTests */ = {
			isa = PBXGroup;
			children = (
				36F3EA392718A31E00E6DB63 /* GameOfThronesCharactersTests.swift */,
			);
			path = GameOfThronesCharactersTests;
			sourceTree = "<group>";
		};
		36F3EA422718A31E00E6DB63 /* GameOfThronesCharactersUITests */ = {
			isa = PBXGroup;
			children = (
				36F3EA432718A31E00E6DB63 /* GameOfThronesCharactersUITests.swift */,
				36F3EA452718A31E00E6DB63 /* GameOfThronesCharactersUITestsLaunchTests.swift */,
			);
			path = GameOfThronesCharactersUITests;
			sourceTree = "<group>";
		};
		36F3EA522718A37B00E6DB63 /* BaseComponents */ = {
			isa = PBXGroup;
			children = (
				36F3EA542718A37B00E6DB63 /* BaseRequest.swift */,
				36F3EA562718A37B00E6DB63 /* BaseTableViewCell.swift */,
				36F3EA592718A37B00E6DB63 /* BaseView.swift */,
				36F3EA552718A37B00E6DB63 /* BaseViewController.swift */,
				36F3EA582718A37B00E6DB63 /* GenericBaseView.swift */,
				36F3EA572718A37B00E6DB63 /* GenericDataProtocol.swift */,
				36F3EA532718A37B00E6DB63 /* GenericValueProtocol.swift */,
			);
			path = BaseComponents;
			sourceTree = "<group>";
		};
		36F3EA5B2718A37B00E6DB63 /* Models */ = {
			isa = PBXGroup;
			children = (
				36F3EA5C2718A37B00E6DB63 /* CharacterModel */,
				36F3EA5F2718A37B00E6DB63 /* ContinentModel */,
			);
			path = Models;
			sourceTree = "<group>";
		};
		36F3EA5C2718A37B00E6DB63 /* CharacterModel */ = {
			isa = PBXGroup;
			children = (
				36F3EA5D2718A37B00E6DB63 /* CharactersResponse.swift */,
				36F3EA5E2718A37B00E6DB63 /* CharactersApiServiceProvider.swift */,
			);
			path = CharacterModel;
			sourceTree = "<group>";
		};
		36F3EA5F2718A37B00E6DB63 /* ContinentModel */ = {
			isa = PBXGroup;
			children = (
				36F3EA602718A37B00E6DB63 /* ContinentsResponse.swift */,
				36F3EA612718A37B00E6DB63 /* ContinentsApiServiceProvider.swift */,
			);
			path = ContinentModel;
			sourceTree = "<group>";
		};
		36F3EA622718A37B00E6DB63 /* Modules */ = {
			isa = PBXGroup;
			children = (
				36F3EA632718A37B00E6DB63 /* CharacterList */,
				36F3EA6A2718A37B00E6DB63 /* ContinentList */,
			);
			path = Modules;
			sourceTree = "<group>";
		};
		36F3EA632718A37B00E6DB63 /* CharacterList */ = {
			isa = PBXGroup;
			children = (
				36A311BB2719E3A400A86F4A /* CharacterListDataFormatter.swift */,
				36A311BA2719E3A400A86F4A /* CharacterListDataFormatterProtocol.swift */,
				36F3EA662718A37B00E6DB63 /* CharacterListViewBuilder.swift */,
				36F3EA642718A37B00E6DB63 /* CharacterListViewController.swift */,
				36F3EA652718A37B00E6DB63 /* CharacterListViewModel.swift */,
				36A311B82719E1E300A86F4A /* CharacterListViewState.swift */,
			);
			path = CharacterList;
			sourceTree = "<group>";
		};
		36F3EA672718A37B00E6DB63 /* Utilities */ = {
			isa = PBXGroup;
			children = (
				36F3EA682718A37B00E6DB63 /* AssetHelpers */,
				36F3EA8E2718ACBC00E6DB63 /* FontManagers */,
			);
			path = Utilities;
			sourceTree = "<group>";
		};
		36F3EA682718A37B00E6DB63 /* AssetHelpers */ = {
			isa = PBXGroup;
			children = (
				36F3EA692718A37B00E6DB63 /* TabBarViewImages.swift */,
			);
			path = AssetHelpers;
			sourceTree = "<group>";
		};
		36F3EA6A2718A37B00E6DB63 /* ContinentList */ = {
			isa = PBXGroup;
			children = (
				36F3EA6B2718A37B00E6DB63 /* ContinentListViewBuilder.swift */,
				36F3EA6C2718A37B00E6DB63 /* ContinentListViewModel.swift */,
				36F3EA6D2718A37B00E6DB63 /* ContinentListViewController.swift */,
			);
			path = ContinentList;
			sourceTree = "<group>";
		};
		36F3EA6E2718A37B00E6DB63 /* MainTabBar */ = {
			isa = PBXGroup;
			children = (
				36F3EA6F2718A37B00E6DB63 /* MainTabBarBuilder.swift */,
				36F3EA702718A37B00E6DB63 /* MainTabBarController.swift */,
			);
			path = MainTabBar;
			sourceTree = "<group>";
		};
		36F3EA862718A48C00E6DB63 /* Components */ = {
			isa = PBXGroup;
			children = (
				36A3119F2719B6F400A86F4A /* CustomImageViewComponent */,
				36F3EA912718AD0300E6DB63 /* CustomTableView */,
				36F3EA872718AC8300E6DB63 /* LabelPackComponent */,
			);
			path = Components;
			sourceTree = "<group>";
		};
		36F3EA872718AC8300E6DB63 /* LabelPackComponent */ = {
			isa = PBXGroup;
			children = (
				36F3EA8A2718AC8400E6DB63 /* LabelPackComponent.swift */,
				36F3EA892718AC8300E6DB63 /* LabelPackComponentData.swift */,
			);
			path = LabelPackComponent;
			sourceTree = "<group>";
		};
		36F3EA8E2718ACBC00E6DB63 /* FontManagers */ = {
			isa = PBXGroup;
			children = (
				36F3EA8F2718ACBC00E6DB63 /* FontManager.swift */,
			);
			path = FontManagers;
			sourceTree = "<group>";
		};
		36F3EA912718AD0300E6DB63 /* CustomTableView */ = {
			isa = PBXGroup;
			children = (
				36F3EA972718AD6500E6DB63 /* CustomTableView.swift */,
				36F3EA922718AD2900E6DB63 /* CustomTableViewCell.swift */,
				36F3EA952718AD3600E6DB63 /* CustomTableViewCellData.swift */,
				36F3EA992718AD6D00E6DB63 /* CustomTableViewProtocol.swift */,
			);
			path = CustomTableView;
			sourceTree = "<group>";
		};
		36F3EA9B2718AF8E00E6DB63 /* Packages */ = {
			isa = PBXGroup;
			children = (
				36F3EA9C2718AF8E00E6DB63 /* DefaultNetworkOperationPackage */,
			);
			name = Packages;
			sourceTree = "<group>";
		};
/* End PBXGroup section */

/* Begin PBXNativeTarget section */
		36F3EA1E2718A31C00E6DB63 /* GameOfThronesCharacters */ = {
			isa = PBXNativeTarget;
			buildConfigurationList = 36F3EA492718A31E00E6DB63 /* Build configuration list for PBXNativeTarget "GameOfThronesCharacters" */;
			buildPhases = (
				36F3EA1B2718A31C00E6DB63 /* Sources */,
				36F3EA1C2718A31C00E6DB63 /* Frameworks */,
				36F3EA1D2718A31C00E6DB63 /* Resources */,
			);
			buildRules = (
			);
			dependencies = (
			);
			name = GameOfThronesCharacters;
			packageProductDependencies = (
				36F3EA9E2718B03C00E6DB63 /* DefaultNetworkOperationPackage */,
				36A311AD2719CEB100A86F4A /* RxCocoa */,
				36A311AF2719CEB100A86F4A /* RxRelay */,
				36A311B12719CEB100A86F4A /* RxSwift */,
			);
			productName = GameOfThronesCharacters;
			productReference = 36F3EA1F2718A31C00E6DB63 /* GameOfThronesCharacters.app */;
			productType = "com.apple.product-type.application";
		};
		36F3EA342718A31E00E6DB63 /* GameOfThronesCharactersTests */ = {
			isa = PBXNativeTarget;
			buildConfigurationList = 36F3EA4C2718A31E00E6DB63 /* Build configuration list for PBXNativeTarget "GameOfThronesCharactersTests" */;
			buildPhases = (
				36F3EA312718A31E00E6DB63 /* Sources */,
				36F3EA322718A31E00E6DB63 /* Frameworks */,
				36F3EA332718A31E00E6DB63 /* Resources */,
			);
			buildRules = (
			);
			dependencies = (
				36F3EA372718A31E00E6DB63 /* PBXTargetDependency */,
			);
			name = GameOfThronesCharactersTests;
			productName = GameOfThronesCharactersTests;
			productReference = 36F3EA352718A31E00E6DB63 /* GameOfThronesCharactersTests.xctest */;
			productType = "com.apple.product-type.bundle.unit-test";
		};
		36F3EA3E2718A31E00E6DB63 /* GameOfThronesCharactersUITests */ = {
			isa = PBXNativeTarget;
			buildConfigurationList = 36F3EA4F2718A31E00E6DB63 /* Build configuration list for PBXNativeTarget "GameOfThronesCharactersUITests" */;
			buildPhases = (
				36F3EA3B2718A31E00E6DB63 /* Sources */,
				36F3EA3C2718A31E00E6DB63 /* Frameworks */,
				36F3EA3D2718A31E00E6DB63 /* Resources */,
			);
			buildRules = (
			);
			dependencies = (
				36F3EA412718A31E00E6DB63 /* PBXTargetDependency */,
			);
			name = GameOfThronesCharactersUITests;
			productName = GameOfThronesCharactersUITests;
			productReference = 36F3EA3F2718A31E00E6DB63 /* GameOfThronesCharactersUITests.xctest */;
			productType = "com.apple.product-type.bundle.ui-testing";
		};
/* End PBXNativeTarget section */

/* Begin PBXProject section */
		36F3EA172718A31C00E6DB63 /* Project object */ = {
			isa = PBXProject;
			attributes = {
				BuildIndependentTargetsInParallel = 1;
				LastSwiftUpdateCheck = 1300;
				LastUpgradeCheck = 1300;
				TargetAttributes = {
					36F3EA1E2718A31C00E6DB63 = {
						CreatedOnToolsVersion = 13.0;
					};
					36F3EA342718A31E00E6DB63 = {
						CreatedOnToolsVersion = 13.0;
						TestTargetID = 36F3EA1E2718A31C00E6DB63;
					};
					36F3EA3E2718A31E00E6DB63 = {
						CreatedOnToolsVersion = 13.0;
						TestTargetID = 36F3EA1E2718A31C00E6DB63;
					};
				};
			};
			buildConfigurationList = 36F3EA1A2718A31C00E6DB63 /* Build configuration list for PBXProject "GameOfThronesCharacters" */;
			compatibilityVersion = "Xcode 13.0";
			developmentRegion = en;
			hasScannedForEncodings = 0;
			knownRegions = (
				en,
				Base,
			);
			mainGroup = 36F3EA162718A31C00E6DB63;
			packageReferences = (
				36F3EA9D2718B03C00E6DB63 /* XCRemoteSwiftPackageReference "DefaultNetworkOperationPackage" */,
				36A311AC2719CEB100A86F4A /* XCRemoteSwiftPackageReference "RxSwift" */,
			);
			productRefGroup = 36F3EA202718A31C00E6DB63 /* Products */;
			projectDirPath = "";
			projectRoot = "";
			targets = (
				36F3EA1E2718A31C00E6DB63 /* GameOfThronesCharacters */,
				36F3EA342718A31E00E6DB63 /* GameOfThronesCharactersTests */,
				36F3EA3E2718A31E00E6DB63 /* GameOfThronesCharactersUITests */,
			);
		};
/* End PBXProject section */

/* Begin PBXResourcesBuildPhase section */
		36F3EA1D2718A31C00E6DB63 /* Resources */ = {
			isa = PBXResourcesBuildPhase;
			buildActionMask = 2147483647;
			files = (
				36F3EA2F2718A31E00E6DB63 /* LaunchScreen.storyboard in Resources */,
				36F3EA2C2718A31E00E6DB63 /* Assets.xcassets in Resources */,
			);
			runOnlyForDeploymentPostprocessing = 0;
		};
		36F3EA332718A31E00E6DB63 /* Resources */ = {
			isa = PBXResourcesBuildPhase;
			buildActionMask = 2147483647;
			files = (
			);
			runOnlyForDeploymentPostprocessing = 0;
		};
		36F3EA3D2718A31E00E6DB63 /* Resources */ = {
			isa = PBXResourcesBuildPhase;
			buildActionMask = 2147483647;
			files = (
			);
			runOnlyForDeploymentPostprocessing = 0;
		};
/* End PBXResourcesBuildPhase section */

/* Begin PBXSourcesBuildPhase section */
		36F3EA1B2718A31C00E6DB63 /* Sources */ = {
			isa = PBXSourcesBuildPhase;
			buildActionMask = 2147483647;
			files = (
				36F3EA792718A37B00E6DB63 /* CharactersResponse.swift in Sources */,
				36F3EA822718A37B00E6DB63 /* ContinentListViewModel.swift in Sources */,
				36F3EA7A2718A37B00E6DB63 /* CharactersApiServiceProvider.swift in Sources */,
				36F3EA8C2718AC8400E6DB63 /* LabelPackComponentData.swift in Sources */,
				36F3EA722718A37B00E6DB63 /* BaseRequest.swift in Sources */,
				36F3EA812718A37B00E6DB63 /* ContinentListViewBuilder.swift in Sources */,
				36F3EA9A2718AD6D00E6DB63 /* CustomTableViewProtocol.swift in Sources */,
				36F3EA272718A31C00E6DB63 /* ViewController.swift in Sources */,
				36F3EA852718A37B00E6DB63 /* MainTabBarController.swift in Sources */,
				36F3EA842718A37B00E6DB63 /* MainTabBarBuilder.swift in Sources */,
				36F3EA802718A37B00E6DB63 /* TabBarViewImages.swift in Sources */,
				36F3EA932718AD2900E6DB63 /* CustomTableViewCell.swift in Sources */,
				36A311B92719E1E300A86F4A /* CharacterListViewState.swift in Sources */,
				36F3EA712718A37B00E6DB63 /* GenericValueProtocol.swift in Sources */,
				36F3EA962718AD3600E6DB63 /* CustomTableViewCellData.swift in Sources */,
				36F3EA832718A37B00E6DB63 /* ContinentListViewController.swift in Sources */,
				36A311A52719B6F400A86F4A /* CustomImageViewComponentData.swift in Sources */,
				36F3EA7B2718A37B00E6DB63 /* ContinentsResponse.swift in Sources */,
				36F3EA232718A31C00E6DB63 /* AppDelegate.swift in Sources */,
				36F3EA7D2718A37B00E6DB63 /* CharacterListViewController.swift in Sources */,
				36A311B72719D33500A86F4A /* CharacterListOperationsRxManager.swift in Sources */,
				36A311BC2719E3A400A86F4A /* CharacterListDataFormatterProtocol.swift in Sources */,
				36F3EA742718A37B00E6DB63 /* BaseTableViewCell.swift in Sources */,
				36F3EA762718A37B00E6DB63 /* GenericBaseView.swift in Sources */,
				36F3EA752718A37B00E6DB63 /* GenericDataProtocol.swift in Sources */,
				36A311AB2719BA4300A86F4A /* ImageCacheManager.swift in Sources */,
				36A311A62719B6F400A86F4A /* CustomImageViewComponent.swift in Sources */,
				36F3EA982718AD6500E6DB63 /* CustomTableView.swift in Sources */,
				36A311A42719B6F400A86F4A /* CustomImageViewComponentContainer.swift in Sources */,
				36F3EA772718A37B00E6DB63 /* BaseView.swift in Sources */,
				36A311B62719D33500A86F4A /* CharacterListOperationsRxProtocol.swift in Sources */,
				36F3EA7E2718A37B00E6DB63 /* CharacterListViewModel.swift in Sources */,
				36F3EA252718A31C00E6DB63 /* SceneDelegate.swift in Sources */,
				36F3EA902718ACBC00E6DB63 /* FontManager.swift in Sources */,
				36F3EA7F2718A37B00E6DB63 /* CharacterListViewBuilder.swift in Sources */,
				36F3EA8D2718AC8400E6DB63 /* LabelPackComponent.swift in Sources */,
				36A311BD2719E3A400A86F4A /* CharacterListDataFormatter.swift in Sources */,
				36F3EA7C2718A37B00E6DB63 /* ContinentsApiServiceProvider.swift in Sources */,
				36F3EA732718A37B00E6DB63 /* BaseViewController.swift in Sources */,
				36A311A72719B6F400A86F4A /* CustomImageLoadingType.swift in Sources */,
			);
			runOnlyForDeploymentPostprocessing = 0;
		};
		36F3EA312718A31E00E6DB63 /* Sources */ = {
			isa = PBXSourcesBuildPhase;
			buildActionMask = 2147483647;
			files = (
				36F3EA3A2718A31E00E6DB63 /* GameOfThronesCharactersTests.swift in Sources */,
			);
			runOnlyForDeploymentPostprocessing = 0;
		};
		36F3EA3B2718A31E00E6DB63 /* Sources */ = {
			isa = PBXSourcesBuildPhase;
			buildActionMask = 2147483647;
			files = (
				36F3EA442718A31E00E6DB63 /* GameOfThronesCharactersUITests.swift in Sources */,
				36F3EA462718A31E00E6DB63 /* GameOfThronesCharactersUITestsLaunchTests.swift in Sources */,
			);
			runOnlyForDeploymentPostprocessing = 0;
		};
/* End PBXSourcesBuildPhase section */

/* Begin PBXTargetDependency section */
		36F3EA372718A31E00E6DB63 /* PBXTargetDependency */ = {
			isa = PBXTargetDependency;
			target = 36F3EA1E2718A31C00E6DB63 /* GameOfThronesCharacters */;
			targetProxy = 36F3EA362718A31E00E6DB63 /* PBXContainerItemProxy */;
		};
		36F3EA412718A31E00E6DB63 /* PBXTargetDependency */ = {
			isa = PBXTargetDependency;
			target = 36F3EA1E2718A31C00E6DB63 /* GameOfThronesCharacters */;
			targetProxy = 36F3EA402718A31E00E6DB63 /* PBXContainerItemProxy */;
		};
/* End PBXTargetDependency section */

/* Begin PBXVariantGroup section */
		36F3EA2D2718A31E00E6DB63 /* LaunchScreen.storyboard */ = {
			isa = PBXVariantGroup;
			children = (
				36F3EA2E2718A31E00E6DB63 /* Base */,
			);
			name = LaunchScreen.storyboard;
			sourceTree = "<group>";
		};
/* End PBXVariantGroup section */

/* Begin XCBuildConfiguration section */
		36F3EA472718A31E00E6DB63 /* Debug */ = {
			isa = XCBuildConfiguration;
			buildSettings = {
				ALWAYS_SEARCH_USER_PATHS = NO;
				CLANG_ANALYZER_NONNULL = YES;
				CLANG_ANALYZER_NUMBER_OBJECT_CONVERSION = YES_AGGRESSIVE;
				CLANG_CXX_LANGUAGE_STANDARD = "gnu++17";
				CLANG_CXX_LIBRARY = "libc++";
				CLANG_ENABLE_MODULES = YES;
				CLANG_ENABLE_OBJC_ARC = YES;
				CLANG_ENABLE_OBJC_WEAK = YES;
				CLANG_WARN_BLOCK_CAPTURE_AUTORELEASING = YES;
				CLANG_WARN_BOOL_CONVERSION = YES;
				CLANG_WARN_COMMA = YES;
				CLANG_WARN_CONSTANT_CONVERSION = YES;
				CLANG_WARN_DEPRECATED_OBJC_IMPLEMENTATIONS = YES;
				CLANG_WARN_DIRECT_OBJC_ISA_USAGE = YES_ERROR;
				CLANG_WARN_DOCUMENTATION_COMMENTS = YES;
				CLANG_WARN_EMPTY_BODY = YES;
				CLANG_WARN_ENUM_CONVERSION = YES;
				CLANG_WARN_INFINITE_RECURSION = YES;
				CLANG_WARN_INT_CONVERSION = YES;
				CLANG_WARN_NON_LITERAL_NULL_CONVERSION = YES;
				CLANG_WARN_OBJC_IMPLICIT_RETAIN_SELF = YES;
				CLANG_WARN_OBJC_LITERAL_CONVERSION = YES;
				CLANG_WARN_OBJC_ROOT_CLASS = YES_ERROR;
				CLANG_WARN_QUOTED_INCLUDE_IN_FRAMEWORK_HEADER = YES;
				CLANG_WARN_RANGE_LOOP_ANALYSIS = YES;
				CLANG_WARN_STRICT_PROTOTYPES = YES;
				CLANG_WARN_SUSPICIOUS_MOVE = YES;
				CLANG_WARN_UNGUARDED_AVAILABILITY = YES_AGGRESSIVE;
				CLANG_WARN_UNREACHABLE_CODE = YES;
				CLANG_WARN__DUPLICATE_METHOD_MATCH = YES;
				COPY_PHASE_STRIP = NO;
				DEBUG_INFORMATION_FORMAT = dwarf;
				ENABLE_STRICT_OBJC_MSGSEND = YES;
				ENABLE_TESTABILITY = YES;
				GCC_C_LANGUAGE_STANDARD = gnu11;
				GCC_DYNAMIC_NO_PIC = NO;
				GCC_NO_COMMON_BLOCKS = YES;
				GCC_OPTIMIZATION_LEVEL = 0;
				GCC_PREPROCESSOR_DEFINITIONS = (
					"DEBUG=1",
					"$(inherited)",
				);
				GCC_WARN_64_TO_32_BIT_CONVERSION = YES;
				GCC_WARN_ABOUT_RETURN_TYPE = YES_ERROR;
				GCC_WARN_UNDECLARED_SELECTOR = YES;
				GCC_WARN_UNINITIALIZED_AUTOS = YES_AGGRESSIVE;
				GCC_WARN_UNUSED_FUNCTION = YES;
				GCC_WARN_UNUSED_VARIABLE = YES;
				IPHONEOS_DEPLOYMENT_TARGET = 15.0;
				MTL_ENABLE_DEBUG_INFO = INCLUDE_SOURCE;
				MTL_FAST_MATH = YES;
				ONLY_ACTIVE_ARCH = YES;
				SDKROOT = iphoneos;
				SWIFT_ACTIVE_COMPILATION_CONDITIONS = DEBUG;
				SWIFT_OPTIMIZATION_LEVEL = "-Onone";
			};
			name = Debug;
		};
		36F3EA482718A31E00E6DB63 /* Release */ = {
			isa = XCBuildConfiguration;
			buildSettings = {
				ALWAYS_SEARCH_USER_PATHS = NO;
				CLANG_ANALYZER_NONNULL = YES;
				CLANG_ANALYZER_NUMBER_OBJECT_CONVERSION = YES_AGGRESSIVE;
				CLANG_CXX_LANGUAGE_STANDARD = "gnu++17";
				CLANG_CXX_LIBRARY = "libc++";
				CLANG_ENABLE_MODULES = YES;
				CLANG_ENABLE_OBJC_ARC = YES;
				CLANG_ENABLE_OBJC_WEAK = YES;
				CLANG_WARN_BLOCK_CAPTURE_AUTORELEASING = YES;
				CLANG_WARN_BOOL_CONVERSION = YES;
				CLANG_WARN_COMMA = YES;
				CLANG_WARN_CONSTANT_CONVERSION = YES;
				CLANG_WARN_DEPRECATED_OBJC_IMPLEMENTATIONS = YES;
				CLANG_WARN_DIRECT_OBJC_ISA_USAGE = YES_ERROR;
				CLANG_WARN_DOCUMENTATION_COMMENTS = YES;
				CLANG_WARN_EMPTY_BODY = YES;
				CLANG_WARN_ENUM_CONVERSION = YES;
				CLANG_WARN_INFINITE_RECURSION = YES;
				CLANG_WARN_INT_CONVERSION = YES;
				CLANG_WARN_NON_LITERAL_NULL_CONVERSION = YES;
				CLANG_WARN_OBJC_IMPLICIT_RETAIN_SELF = YES;
				CLANG_WARN_OBJC_LITERAL_CONVERSION = YES;
				CLANG_WARN_OBJC_ROOT_CLASS = YES_ERROR;
				CLANG_WARN_QUOTED_INCLUDE_IN_FRAMEWORK_HEADER = YES;
				CLANG_WARN_RANGE_LOOP_ANALYSIS = YES;
				CLANG_WARN_STRICT_PROTOTYPES = YES;
				CLANG_WARN_SUSPICIOUS_MOVE = YES;
				CLANG_WARN_UNGUARDED_AVAILABILITY = YES_AGGRESSIVE;
				CLANG_WARN_UNREACHABLE_CODE = YES;
				CLANG_WARN__DUPLICATE_METHOD_MATCH = YES;
				COPY_PHASE_STRIP = NO;
				DEBUG_INFORMATION_FORMAT = "dwarf-with-dsym";
				ENABLE_NS_ASSERTIONS = NO;
				ENABLE_STRICT_OBJC_MSGSEND = YES;
				GCC_C_LANGUAGE_STANDARD = gnu11;
				GCC_NO_COMMON_BLOCKS = YES;
				GCC_WARN_64_TO_32_BIT_CONVERSION = YES;
				GCC_WARN_ABOUT_RETURN_TYPE = YES_ERROR;
				GCC_WARN_UNDECLARED_SELECTOR = YES;
				GCC_WARN_UNINITIALIZED_AUTOS = YES_AGGRESSIVE;
				GCC_WARN_UNUSED_FUNCTION = YES;
				GCC_WARN_UNUSED_VARIABLE = YES;
				IPHONEOS_DEPLOYMENT_TARGET = 15.0;
				MTL_ENABLE_DEBUG_INFO = NO;
				MTL_FAST_MATH = YES;
				SDKROOT = iphoneos;
				SWIFT_COMPILATION_MODE = wholemodule;
				SWIFT_OPTIMIZATION_LEVEL = "-O";
				VALIDATE_PRODUCT = YES;
			};
			name = Release;
		};
		36F3EA4A2718A31E00E6DB63 /* Debug */ = {
			isa = XCBuildConfiguration;
			buildSettings = {
				ASSETCATALOG_COMPILER_APPICON_NAME = AppIcon;
				ASSETCATALOG_COMPILER_GLOBAL_ACCENT_COLOR_NAME = AccentColor;
				CODE_SIGN_STYLE = Automatic;
				CURRENT_PROJECT_VERSION = 1;
				DEVELOPMENT_TEAM = 3T4L3J7Z2K;
				GENERATE_INFOPLIST_FILE = YES;
				INFOPLIST_FILE = GameOfThronesCharacters/Info.plist;
				INFOPLIST_KEY_UIApplicationSupportsIndirectInputEvents = YES;
				INFOPLIST_KEY_UILaunchStoryboardName = LaunchScreen;
				INFOPLIST_KEY_UISupportedInterfaceOrientations_iPad = "UIInterfaceOrientationPortrait UIInterfaceOrientationPortraitUpsideDown UIInterfaceOrientationLandscapeLeft UIInterfaceOrientationLandscapeRight";
				INFOPLIST_KEY_UISupportedInterfaceOrientations_iPhone = "UIInterfaceOrientationPortrait UIInterfaceOrientationLandscapeLeft UIInterfaceOrientationLandscapeRight";
				LD_RUNPATH_SEARCH_PATHS = (
					"$(inherited)",
					"@executable_path/Frameworks",
				);
				MARKETING_VERSION = 1.0;
				PRODUCT_BUNDLE_IDENTIFIER = com.bengianil.GameOfThronesCharacters;
				PRODUCT_NAME = "$(TARGET_NAME)";
				SWIFT_EMIT_LOC_STRINGS = YES;
				SWIFT_VERSION = 5.0;
				TARGETED_DEVICE_FAMILY = "1,2";
			};
			name = Debug;
		};
		36F3EA4B2718A31E00E6DB63 /* Release */ = {
			isa = XCBuildConfiguration;
			buildSettings = {
				ASSETCATALOG_COMPILER_APPICON_NAME = AppIcon;
				ASSETCATALOG_COMPILER_GLOBAL_ACCENT_COLOR_NAME = AccentColor;
				CODE_SIGN_STYLE = Automatic;
				CURRENT_PROJECT_VERSION = 1;
				DEVELOPMENT_TEAM = 3T4L3J7Z2K;
				GENERATE_INFOPLIST_FILE = YES;
				INFOPLIST_FILE = GameOfThronesCharacters/Info.plist;
				INFOPLIST_KEY_UIApplicationSupportsIndirectInputEvents = YES;
				INFOPLIST_KEY_UILaunchStoryboardName = LaunchScreen;
				INFOPLIST_KEY_UISupportedInterfaceOrientations_iPad = "UIInterfaceOrientationPortrait UIInterfaceOrientationPortraitUpsideDown UIInterfaceOrientationLandscapeLeft UIInterfaceOrientationLandscapeRight";
				INFOPLIST_KEY_UISupportedInterfaceOrientations_iPhone = "UIInterfaceOrientationPortrait UIInterfaceOrientationLandscapeLeft UIInterfaceOrientationLandscapeRight";
				LD_RUNPATH_SEARCH_PATHS = (
					"$(inherited)",
					"@executable_path/Frameworks",
				);
				MARKETING_VERSION = 1.0;
				PRODUCT_BUNDLE_IDENTIFIER = com.bengianil.GameOfThronesCharacters;
				PRODUCT_NAME = "$(TARGET_NAME)";
				SWIFT_EMIT_LOC_STRINGS = YES;
				SWIFT_VERSION = 5.0;
				TARGETED_DEVICE_FAMILY = "1,2";
			};
			name = Release;
		};
		36F3EA4D2718A31E00E6DB63 /* Debug */ = {
			isa = XCBuildConfiguration;
			buildSettings = {
				ALWAYS_EMBED_SWIFT_STANDARD_LIBRARIES = YES;
				BUNDLE_LOADER = "$(TEST_HOST)";
				CODE_SIGN_STYLE = Automatic;
				CURRENT_PROJECT_VERSION = 1;
				DEVELOPMENT_TEAM = 3T4L3J7Z2K;
				GENERATE_INFOPLIST_FILE = YES;
				IPHONEOS_DEPLOYMENT_TARGET = 15.0;
				LD_RUNPATH_SEARCH_PATHS = (
					"$(inherited)",
					"@executable_path/Frameworks",
					"@loader_path/Frameworks",
				);
				MARKETING_VERSION = 1.0;
				PRODUCT_BUNDLE_IDENTIFIER = com.bengianil.GameOfThronesCharactersTests;
				PRODUCT_NAME = "$(TARGET_NAME)";
				SWIFT_EMIT_LOC_STRINGS = NO;
				SWIFT_VERSION = 5.0;
				TARGETED_DEVICE_FAMILY = "1,2";
				TEST_HOST = "$(BUILT_PRODUCTS_DIR)/GameOfThronesCharacters.app/GameOfThronesCharacters";
			};
			name = Debug;
		};
		36F3EA4E2718A31E00E6DB63 /* Release */ = {
			isa = XCBuildConfiguration;
			buildSettings = {
				ALWAYS_EMBED_SWIFT_STANDARD_LIBRARIES = YES;
				BUNDLE_LOADER = "$(TEST_HOST)";
				CODE_SIGN_STYLE = Automatic;
				CURRENT_PROJECT_VERSION = 1;
				DEVELOPMENT_TEAM = 3T4L3J7Z2K;
				GENERATE_INFOPLIST_FILE = YES;
				IPHONEOS_DEPLOYMENT_TARGET = 15.0;
				LD_RUNPATH_SEARCH_PATHS = (
					"$(inherited)",
					"@executable_path/Frameworks",
					"@loader_path/Frameworks",
				);
				MARKETING_VERSION = 1.0;
				PRODUCT_BUNDLE_IDENTIFIER = com.bengianil.GameOfThronesCharactersTests;
				PRODUCT_NAME = "$(TARGET_NAME)";
				SWIFT_EMIT_LOC_STRINGS = NO;
				SWIFT_VERSION = 5.0;
				TARGETED_DEVICE_FAMILY = "1,2";
				TEST_HOST = "$(BUILT_PRODUCTS_DIR)/GameOfThronesCharacters.app/GameOfThronesCharacters";
			};
			name = Release;
		};
		36F3EA502718A31E00E6DB63 /* Debug */ = {
			isa = XCBuildConfiguration;
			buildSettings = {
				ALWAYS_EMBED_SWIFT_STANDARD_LIBRARIES = YES;
				CODE_SIGN_STYLE = Automatic;
				CURRENT_PROJECT_VERSION = 1;
				DEVELOPMENT_TEAM = 3T4L3J7Z2K;
				GENERATE_INFOPLIST_FILE = YES;
				LD_RUNPATH_SEARCH_PATHS = (
					"$(inherited)",
					"@executable_path/Frameworks",
					"@loader_path/Frameworks",
				);
				MARKETING_VERSION = 1.0;
				PRODUCT_BUNDLE_IDENTIFIER = com.bengianil.GameOfThronesCharactersUITests;
				PRODUCT_NAME = "$(TARGET_NAME)";
				SWIFT_EMIT_LOC_STRINGS = NO;
				SWIFT_VERSION = 5.0;
				TARGETED_DEVICE_FAMILY = "1,2";
				TEST_TARGET_NAME = GameOfThronesCharacters;
			};
			name = Debug;
		};
		36F3EA512718A31E00E6DB63 /* Release */ = {
			isa = XCBuildConfiguration;
			buildSettings = {
				ALWAYS_EMBED_SWIFT_STANDARD_LIBRARIES = YES;
				CODE_SIGN_STYLE = Automatic;
				CURRENT_PROJECT_VERSION = 1;
				DEVELOPMENT_TEAM = 3T4L3J7Z2K;
				GENERATE_INFOPLIST_FILE = YES;
				LD_RUNPATH_SEARCH_PATHS = (
					"$(inherited)",
					"@executable_path/Frameworks",
					"@loader_path/Frameworks",
				);
				MARKETING_VERSION = 1.0;
				PRODUCT_BUNDLE_IDENTIFIER = com.bengianil.GameOfThronesCharactersUITests;
				PRODUCT_NAME = "$(TARGET_NAME)";
				SWIFT_EMIT_LOC_STRINGS = NO;
				SWIFT_VERSION = 5.0;
				TARGETED_DEVICE_FAMILY = "1,2";
				TEST_TARGET_NAME = GameOfThronesCharacters;
			};
			name = Release;
		};
/* End XCBuildConfiguration section */

/* Begin XCConfigurationList section */
		36F3EA1A2718A31C00E6DB63 /* Build configuration list for PBXProject "GameOfThronesCharacters" */ = {
			isa = XCConfigurationList;
			buildConfigurations = (
				36F3EA472718A31E00E6DB63 /* Debug */,
				36F3EA482718A31E00E6DB63 /* Release */,
			);
			defaultConfigurationIsVisible = 0;
			defaultConfigurationName = Release;
		};
		36F3EA492718A31E00E6DB63 /* Build configuration list for PBXNativeTarget "GameOfThronesCharacters" */ = {
			isa = XCConfigurationList;
			buildConfigurations = (
				36F3EA4A2718A31E00E6DB63 /* Debug */,
				36F3EA4B2718A31E00E6DB63 /* Release */,
			);
			defaultConfigurationIsVisible = 0;
			defaultConfigurationName = Release;
		};
		36F3EA4C2718A31E00E6DB63 /* Build configuration list for PBXNativeTarget "GameOfThronesCharactersTests" */ = {
			isa = XCConfigurationList;
			buildConfigurations = (
				36F3EA4D2718A31E00E6DB63 /* Debug */,
				36F3EA4E2718A31E00E6DB63 /* Release */,
			);
			defaultConfigurationIsVisible = 0;
			defaultConfigurationName = Release;
		};
		36F3EA4F2718A31E00E6DB63 /* Build configuration list for PBXNativeTarget "GameOfThronesCharactersUITests" */ = {
			isa = XCConfigurationList;
			buildConfigurations = (
				36F3EA502718A31E00E6DB63 /* Debug */,
				36F3EA512718A31E00E6DB63 /* Release */,
			);
			defaultConfigurationIsVisible = 0;
			defaultConfigurationName = Release;
		};
/* End XCConfigurationList section */

/* Begin XCRemoteSwiftPackageReference section */
		36A311AC2719CEB100A86F4A /* XCRemoteSwiftPackageReference "RxSwift" */ = {
			isa = XCRemoteSwiftPackageReference;
			repositoryURL = "https://github.com/ReactiveX/RxSwift";
			requirement = {
				branch = main;
				kind = branch;
			};
		};
		36F3EA9D2718B03C00E6DB63 /* XCRemoteSwiftPackageReference "DefaultNetworkOperationPackage" */ = {
			isa = XCRemoteSwiftPackageReference;
			repositoryURL = "https://github.com/bengiianil/DefaultNetworkOperationPackage";
			requirement = {
				branch = main;
				kind = branch;
			};
		};
/* End XCRemoteSwiftPackageReference section */

/* Begin XCSwiftPackageProductDependency section */
		36A311AD2719CEB100A86F4A /* RxCocoa */ = {
			isa = XCSwiftPackageProductDependency;
			package = 36A311AC2719CEB100A86F4A /* XCRemoteSwiftPackageReference "RxSwift" */;
			productName = RxCocoa;
		};
		36A311AF2719CEB100A86F4A /* RxRelay */ = {
			isa = XCSwiftPackageProductDependency;
			package = 36A311AC2719CEB100A86F4A /* XCRemoteSwiftPackageReference "RxSwift" */;
			productName = RxRelay;
		};
		36A311B12719CEB100A86F4A /* RxSwift */ = {
			isa = XCSwiftPackageProductDependency;
			package = 36A311AC2719CEB100A86F4A /* XCRemoteSwiftPackageReference "RxSwift" */;
			productName = RxSwift;
		};
		36F3EA9E2718B03C00E6DB63 /* DefaultNetworkOperationPackage */ = {
			isa = XCSwiftPackageProductDependency;
			package = 36F3EA9D2718B03C00E6DB63 /* XCRemoteSwiftPackageReference "DefaultNetworkOperationPackage" */;
			productName = DefaultNetworkOperationPackage;
		};
/* End XCSwiftPackageProductDependency section */
	};
	rootObject = 36F3EA172718A31C00E6DB63 /* Project object */;
}
